
Microsoft Visual Studio Solution File, Format Version 12.00
# Visual Studio Version 17
VisualStudioVersion = 17.0.32014.148
MinimumVisualStudioVersion = 10.0.40219.1
Project("{FAE04EC0-301F-11D3-BF4B-00C04F79EFBC}") = "ArmStrong Number Programming Using C Sharp", "ArmStrong Number Programming Using C Sharp\ArmStrong Number Programming Using C Sharp.csproj", "{C5194072-DDC0-459E-A3BB-7E09AAD17C2D}"
EndProject
Global
	GlobalSection(SolutionConfigurationPlatforms) = preSolution
		Debug|Any CPU = Debug|Any CPU
		Release|Any CPU = Release|Any CPU
	EndGlobalSection
	GlobalSection(ProjectConfigurationPlatforms) = postSolution
		{C5194072-DDC0-459E-A3BB-7E09AAD17C2D}.Debug|Any CPU.ActiveCfg = Debug|Any CPU
		{C5194072-DDC0-459E-A3BB-7E09AAD17C2D}.Debug|Any CPU.Build.0 = Debug|Any CPU
		{C5194072-DDC0-459E-A3BB-7E09AAD17C2D}.Release|Any CPU.ActiveCfg = Release|Any CPU
		{C5194072-DDC0-459E-A3BB-7E09AAD17C2D}.Release|Any CPU.Build.0 = Release|Any CPU
	EndGlobalSection
	GlobalSection(SolutionProperties) = preSolution
		HideSolutionNode = FALSE
	EndGlobalSection
	GlobalSection(ExtensibilityGlobals) = postSolution
		SolutionGuid = {8AF1E683-C4C7-4640-9672-C34BBBCA1449}
	EndGlobalSection
EndGlobal
